<?xml version="1.0" encoding="utf-8"?>
<Project ToolsVersion="4.0" xmlns="http://schemas.microsoft.com/developer/msbuild/2003">
  <ItemGroup>
    <Filter Include="Source Files">
      <UniqueIdentifier>{4FC737F1-C7A5-4376-A066-2A32D752A2FF}</UniqueIdentifier>
      <Extensions>cpp;c;cc;cxx;c++;cppm;ixx;def;odl;idl;hpj;bat;asm;asmx</Extensions>
    </Filter>
    <Filter Include="Header Files">
      <UniqueIdentifier>{93995380-89BD-4b04-88EB-625FBE52EBFB}</UniqueIdentifier>
      <Extensions>h;hh;hpp;hxx;h++;hm;inl;inc;ipp;xsd</Extensions>
    </Filter>
    <Filter Include="Resource Files">
      <UniqueIdentifier>{67DA6AB6-F800-4c08-8B7A-83BB121AAD01}</UniqueIdentifier>
      <Extensions>rc;ico;cur;bmp;dlg;rc2;rct;bin;rgs;gif;jpg;jpeg;jpe;resx;tiff;tif;png;wav;mfcribbon-ms</Extensions>
    </Filter>
  </ItemGroup>
  <ItemGroup>
    <ClCompile Include="modules\engine\LSWindow.ixx">
      <Filter>Source Files</Filter>
    </ClCompile>
    <ClCompile Include="modules\data\LSWindowTypes.ixx">
      <Filter>Source Files</Filter>
    </ClCompile>
    <ClCompile Include="modules\data\LSMathTypes.ixx">
      <Filter>Source Files</Filter>
    </ClCompile>
    <ClCompile Include="modules\engine\LSDevice.ixx">
      <Filter>Source Files</Filter>
    </ClCompile>
    <ClCompile Include="modules\utils\StdUtils.ixx">
      <Filter>Source Files</Filter>
    </ClCompile>
    <ClCompile Include="modules\data\LSConcepts.ixx">
      <Filter>Source Files</Filter>
    </ClCompile>
    <ClCompile Include="modules\data\LSTextureTypes.ixx">
      <Filter>Source Files</Filter>
    </ClCompile>
    <ClCompile Include="modules\platform\Windows\Win32Window.ixx">
      <Filter>Source Files</Filter>
    </ClCompile>
    <ClCompile Include="src\platform\Windows\Win32Windows.cpp">
      <Filter>Source Files</Filter>
    </ClCompile>
    <ClCompile Include="modules\platform\Windows\D3D11\DeviceD3D11.ixx">
      <Filter>Source Files</Filter>
    </ClCompile>
    <ClCompile Include="modules\platform\Windows\D3D12\DeviceD3D12.ixx">
      <Filter>Source Files</Filter>
    </ClCompile>
    <ClCompile Include="modules\engine\LSCamera.ixx">
      <Filter>Source Files</Filter>
    </ClCompile>
    <ClCompile Include="modules\platform\Windows\D3D11\RenderFuncs.ixx">
      <Filter>Source Files</Filter>
    </ClCompile>
    <ClCompile Include="src\platform\D3D11\DeviceD3D11.cpp">
      <Filter>Source Files</Filter>
    </ClCompile>
    <ClCompile Include="modules\utils\MSUtils.ixx">
      <Filter>Source Files</Filter>
    </ClCompile>
    <ClCompile Include="modules\platform\Windows\D3D11\Helpers\D3D11HelperStates.ixx">
      <Filter>Source Files</Filter>
    </ClCompile>
    <ClCompile Include="modules\data\LSShader.ixx">
      <Filter>Source Files</Filter>
    </ClCompile>
    <ClCompile Include="modules\platform\Windows\D3D11\Helpers\D3D11MemoryHelper.ixx">
      <Filter>Source Files</Filter>
    </ClCompile>
    <ClCompile Include="modules\helper\LSCommonTypes.ixx">
      <Filter>Source Files</Filter>
    </ClCompile>
    <ClCompile Include="modules\data\DataLib.ixx">
      <Filter>Source Files</Filter>
    </ClCompile>
    <ClCompile Include="modules\platform\Windows\D3D11\D3D11Lib.ixx">
      <Filter>Source Files</Filter>
    </ClCompile>
    <ClCompile Include="modules\engine\EngineCommon.ixx">
      <Filter>Source Files</Filter>
    </ClCompile>
    <ClCompile Include="modules\platform\Windows\D3D11\Helpers\D3D11Utils.ixx">
      <Filter>Source Files</Filter>
    </ClCompile>
    <ClCompile Include="modules\data\LSBufferTypes.ixx">
      <Filter>Source Files</Filter>
    </ClCompile>
    <ClCompile Include="modules\helper\PipelineFactory.ixx">
      <Filter>Source Files</Filter>
    </ClCompile>
    <ClCompile Include="modules\platform\Windows\D3D11\PipelineFactoryD3D11.ixx">
      <Filter>Source Files</Filter>
    </ClCompile>
    <ClCompile Include="modules\utils\Util.ixx">
      <Filter>Source Files</Filter>
    </ClCompile>
    <ClCompile Include="src\platform\D3D11\PipelineFactoryD3D11.cpp">
      <Filter>Source Files</Filter>
    </ClCompile>
    <ClCompile Include="modules\platform\Windows\D3D11\Helpers\EngineWrapperD3D11.ixx">
      <Filter>Source Files</Filter>
    </ClCompile>
    <ClCompile Include="src\engine\EngineCommon.cpp">
      <Filter>Source Files</Filter>
    </ClCompile>
    <ClCompile Include="modules\data\LSDataTypes.ixx">
      <Filter>Source Files</Filter>
    </ClCompile>
    <ClCompile Include="src\helper\PipelineFactory.cpp">
      <Filter>Source Files</Filter>
    </ClCompile>
    <ClCompile Include="modules\platform\Windows\DirectX\DXMatrixUtils.ixx">
      <Filter>Source Files</Filter>
    </ClCompile>
    <ClCompile Include="modules\engine\MathLib.ixx">
      <Filter>Source Files</Filter>
    </ClCompile>
    <ClCompile Include="modules\engine\MatrixMath.ixx">
      <Filter>Source Files</Filter>
    </ClCompile>
    <ClCompile Include="modules\engine\GeometryMath.ixx">
      <Filter>Source Files</Filter>
    </ClCompile>
    <ClCompile Include="modules\platform\Windows\DirectX\DXCamera.ixx">
      <Filter>Source Files</Filter>
    </ClCompile>
    <ClCompile Include="modules\platform\Windows\D3D12\D3D12Lib.ixx">
      <Filter>Source Files</Filter>
    </ClCompile>
    <ClCompile Include="modules\engine\EngineCodes.ixx">
      <Filter>Source Files</Filter>
    </ClCompile>
    <ClCompile Include="modules\platform\Windows\DXGI\DXGIHelper.ixx">
      <Filter>Source Files</Filter>
    </ClCompile>
    <ClCompile Include="src\platform\D3D12\DeviceD3D12.cpp">
      <Filter>Source Files</Filter>
    </ClCompile>
    <ClCompile Include="modules\platform\Windows\D3D12\ResourceManagerD3D12.ixx">
      <Filter>Source Files</Filter>
    </ClCompile>
    <ClCompile Include="modules\platform\Windows\D3D12\D3D12Helper.ixx">
      <Filter>Source Files</Filter>
    </ClCompile>
    <ClCompile Include="modules\platform\Windows\D3D12\D3D12Common.ixx">
      <Filter>Source Files</Filter>
    </ClCompile>
    <ClCompile Include="modules\engine\EngineLogger.ixx">
      <Filter>Source Files</Filter>
    </ClCompile>
    <ClCompile Include="src\platform\D3D12\ResourceManagerD3D12.cpp">
      <Filter>Source Files</Filter>
    </ClCompile>
    <ClCompile Include="modules\geometry\GeometryGenerator.ixx">
      <Filter>Source Files</Filter>
    </ClCompile>
    <ClCompile Include="modules\helper\IOHelper.ixx">
      <Filter>Source Files</Filter>
    </ClCompile>
    <ClCompile Include="modules\platform\Windows\DirectX\DirectXCommon.ixx">
      <Filter>Source Files</Filter>
    </ClCompile>
    <ClCompile Include="modules\platform\Windows\DirectX\DXCameraController.ixx">
      <Filter>Source Files</Filter>
    </ClCompile>
    <ClCompile Include="modules\data\serialize\WavefrontObj.ixx">
      <Filter>Source Files</Filter>
    </ClCompile>
  </ItemGroup>
  <ItemGroup>
    <ClInclude Include="inc\LSTimer.h">
      <Filter>Header Files</Filter>
    </ClInclude>
    <ClInclude Include="inc\engine\EngineLogDefines.h">
      <Filter>Header Files</Filter>
    </ClInclude>
    <ClInclude Include="inc\platform\Windows\Win32\WinApiUtils.h">
      <Filter>Header Files</Filter>
    </ClInclude>
  </ItemGroup>
  <ItemGroup>
    <None Include="packages.config" />
  </ItemGroup>
</Project>