<?xml version="1.0" encoding="utf-8"?>
<Project ToolsVersion="4.0" xmlns="http://schemas.microsoft.com/developer/msbuild/2003">
  <ItemGroup>
    <Filter Include="Source Files">
      <UniqueIdentifier>{4FC737F1-C7A5-4376-A066-2A32D752A2FF}</UniqueIdentifier>
      <Extensions>cpp;c;cc;cxx;c++;cppm;ixx;def;odl;idl;hpj;bat;asm;asmx</Extensions>
    </Filter>
    <Filter Include="Header Files">
      <UniqueIdentifier>{93995380-89BD-4b04-88EB-625FBE52EBFB}</UniqueIdentifier>
      <Extensions>h;hh;hpp;hxx;h++;hm;inl;inc;ipp;xsd</Extensions>
    </Filter>
    <Filter Include="Resource Files">
      <UniqueIdentifier>{67DA6AB6-F800-4c08-8B7A-83BB121AAD01}</UniqueIdentifier>
      <Extensions>rc;ico;cur;bmp;dlg;rc2;rct;bin;rgs;gif;jpg;jpeg;jpe;resx;tiff;tif;png;wav;mfcribbon-ms</Extensions>
    </Filter>
  </ItemGroup>
  <ItemGroup>
    <ClCompile Include="src\helper\PipelineFactory.cpp">
      <Filter>Source Files</Filter>
    </ClCompile>
    <ClCompile Include="src\data\BufferTypes.ixx">
      <Filter>Source Files</Filter>
    </ClCompile>
    <ClCompile Include="src\engine\EngineDefines.ixx">
      <Filter>Source Files</Filter>
    </ClCompile>
    <ClCompile Include="src\data\DataTypes.ixx">
      <Filter>Source Files</Filter>
    </ClCompile>
    <ClCompile Include="src\data\LSDataLib.ixx">
      <Filter>Source Files</Filter>
    </ClCompile>
    <ClCompile Include="src\data\MathTypes.ixx">
      <Filter>Source Files</Filter>
    </ClCompile>
    <ClCompile Include="src\data\serialize\AssimpLoader.ixx">
      <Filter>Source Files</Filter>
    </ClCompile>
    <ClCompile Include="src\data\serialize\WavefrontObj.ixx">
      <Filter>Source Files</Filter>
    </ClCompile>
    <ClCompile Include="src\engine\EngineInput.ixx">
      <Filter>Source Files</Filter>
    </ClCompile>
    <ClCompile Include="src\engine\EngineShader.ixx">
      <Filter>Source Files</Filter>
    </ClCompile>
    <ClCompile Include="src\data\TextureTypes.ixx">
      <Filter>Source Files</Filter>
    </ClCompile>
    <ClCompile Include="src\engine\Clock.ixx">
      <Filter>Source Files</Filter>
    </ClCompile>
    <ClCompile Include="src\engine\EngineApp.ixx">
      <Filter>Source Files</Filter>
    </ClCompile>
    <ClCompile Include="src\engine\EngineCamera.ixx">
      <Filter>Source Files</Filter>
    </ClCompile>
    <ClCompile Include="src\engine\EngineCodes.ixx">
      <Filter>Source Files</Filter>
    </ClCompile>
    <ClCompile Include="src\engine\EngineDevice.ixx">
      <Filter>Source Files</Filter>
    </ClCompile>
    <ClCompile Include="src\engine\EngineLogger.ixx">
      <Filter>Source Files</Filter>
    </ClCompile>
    <ClCompile Include="src\engine\EngineWindow.ixx">
      <Filter>Source Files</Filter>
    </ClCompile>
    <ClCompile Include="src\engine\LSEngine.ixx">
      <Filter>Source Files</Filter>
    </ClCompile>
    <ClCompile Include="src\utils\StdUtils.ixx">
      <Filter>Source Files</Filter>
    </ClCompile>
    <ClCompile Include="src\utils\Util.ixx">
      <Filter>Source Files</Filter>
    </ClCompile>
    <ClCompile Include="src\platform\Windows\WindowsLib.ixx">
      <Filter>Source Files</Filter>
    </ClCompile>
    <ClCompile Include="src\platform\Windows\Win32\Win32Window.ixx">
      <Filter>Source Files</Filter>
    </ClCompile>
    <ClCompile Include="src\platform\Windows\Win32\ComUtils.ixx">
      <Filter>Source Files</Filter>
    </ClCompile>
    <ClCompile Include="src\platform\Windows\Win32\Win32Utils.ixx">
      <Filter>Source Files</Filter>
    </ClCompile>
    <ClCompile Include="src\platform\Windows\D3D11\D3D11Lib.ixx">
      <Filter>Source Files</Filter>
    </ClCompile>
    <ClCompile Include="src\platform\Windows\D3D11\DeviceD3D11.ixx">
      <Filter>Source Files</Filter>
    </ClCompile>
    <ClCompile Include="src\platform\Windows\D3D11\PipelineFactoryD3D11.ixx">
      <Filter>Source Files</Filter>
    </ClCompile>
    <ClCompile Include="src\platform\Windows\D3D11\RenderD3D11.ixx">
      <Filter>Source Files</Filter>
    </ClCompile>
    <ClCompile Include="src\platform\Windows\D3D11\RenderFuncs.ixx">
      <Filter>Source Files</Filter>
    </ClCompile>
    <ClCompile Include="src\platform\Windows\D3D12\Helpers\D3D12Utils.ixx">
      <Filter>Source Files</Filter>
    </ClCompile>
    <ClCompile Include="src\platform\Windows\D3D12\Helpers\D3D12UtilsCommandList.ixx">
      <Filter>Source Files</Filter>
    </ClCompile>
    <ClCompile Include="src\platform\Windows\D3D12\Helpers\D3D12UtilsDescriptors.ixx">
      <Filter>Source Files</Filter>
    </ClCompile>
    <ClCompile Include="src\platform\Windows\D3D12\CommandListDx12.ixx">
      <Filter>Source Files</Filter>
    </ClCompile>
    <ClCompile Include="src\platform\Windows\D3D12\CommandQueueDx12.ixx">
      <Filter>Source Files</Filter>
    </ClCompile>
    <ClCompile Include="src\platform\Windows\D3D12\D3D12Common.ixx">
      <Filter>Source Files</Filter>
    </ClCompile>
    <ClCompile Include="src\platform\Windows\D3D12\D3D12Lib.ixx">
      <Filter>Source Files</Filter>
    </ClCompile>
    <ClCompile Include="src\platform\Windows\D3D12\DescriptorHeapDx12.ixx">
      <Filter>Source Files</Filter>
    </ClCompile>
    <ClCompile Include="src\platform\Windows\D3D12\DeviceD3D12.ixx">
      <Filter>Source Files</Filter>
    </ClCompile>
    <ClCompile Include="src\platform\Windows\D3D12\FrameDx12.ixx">
      <Filter>Source Files</Filter>
    </ClCompile>
    <ClCompile Include="src\platform\Windows\DirectX\DirectXCommon.ixx">
      <Filter>Source Files</Filter>
    </ClCompile>
    <ClCompile Include="src\platform\Windows\DirectX\DXCamera.ixx">
      <Filter>Source Files</Filter>
    </ClCompile>
    <ClCompile Include="src\platform\Windows\DirectX\DXCameraController.ixx">
      <Filter>Source Files</Filter>
    </ClCompile>
    <ClCompile Include="src\platform\Windows\DirectX\DXMatrixUtils.ixx">
      <Filter>Source Files</Filter>
    </ClCompile>
    <ClCompile Include="src\platform\Windows\D3D12\ResourceManagerD3D12.ixx">
      <Filter>Source Files</Filter>
    </ClCompile>
    <ClCompile Include="src\platform\Windows\DXGI\DXGIHelper.ixx">
      <Filter>Source Files</Filter>
    </ClCompile>
    <ClCompile Include="src\platform\Windows\D3D12\FrameBufferDxgi.ixx">
      <Filter>Source Files</Filter>
    </ClCompile>
    <ClCompile Include="src\platform\Windows\D3D11\Helpers\D3D11HelperStates.ixx">
      <Filter>Source Files</Filter>
    </ClCompile>
    <ClCompile Include="src\platform\Windows\D3D11\Helpers\D3D11MemoryHelper.ixx">
      <Filter>Source Files</Filter>
    </ClCompile>
    <ClCompile Include="src\platform\Windows\D3D11\Helpers\D3D11TypeWrapper.ixx">
      <Filter>Source Files</Filter>
    </ClCompile>
    <ClCompile Include="src\platform\Windows\D3D11\Helpers\D3D11Utils.ixx">
      <Filter>Source Files</Filter>
    </ClCompile>
    <ClCompile Include="src\helper\IOHelper.ixx">
      <Filter>Source Files</Filter>
    </ClCompile>
    <ClCompile Include="src\helper\LSCommonTypes.ixx">
      <Filter>Source Files</Filter>
    </ClCompile>
    <ClCompile Include="src\helper\PipelineFactory.ixx">
      <Filter>Source Files</Filter>
    </ClCompile>
    <ClCompile Include="src\math\GeometryMath.ixx">
      <Filter>Source Files</Filter>
    </ClCompile>
    <ClCompile Include="src\math\MathLib.ixx">
      <Filter>Source Files</Filter>
    </ClCompile>
    <ClCompile Include="src\math\MatrixMath.ixx">
      <Filter>Source Files</Filter>
    </ClCompile>
    <ClCompile Include="src\mesh\GeometryGenerator.ixx">
      <Filter>Source Files</Filter>
    </ClCompile>
    <ClCompile Include="src\platform\Windows\D3D11\RenderCommandD3D11.ixx">
      <Filter>Source Files</Filter>
    </ClCompile>
    <ClCompile Include="src\platform\Windows\D3D11\ShaderD3D11.ixx">
      <Filter>Source Files</Filter>
    </ClCompile>
    <ClCompile Include="src\engine\Renderer.ixx">
      <Filter>Source Files</Filter>
    </ClCompile>
    <ClCompile Include="src\platform\Windows\DXGI\DXGISwapChain.ixx">
      <Filter>Source Files</Filter>
    </ClCompile>
    <ClCompile Include="src\platform\Windows\D3D12\RendererDX12.ixx">
      <Filter>Source Files</Filter>
    </ClCompile>
    <ClCompile Include="src\platform\Windows\Win32\Win32App.ixx">
      <Filter>Source Files</Filter>
    </ClCompile>
    <ClCompile Include="src\platform\Windows\DirectX\D3DCompiler.ixx">
      <Filter>Source Files</Filter>
    </ClCompile>
    <ClCompile Include="src\platform\Windows\D3D12\Helpers\D3D12UtilsPipeline.ixx">
      <Filter>Source Files</Filter>
    </ClCompile>
  </ItemGroup>
  <ItemGroup>
    <ClInclude Include="inc\engine\EngineLogDefines.h">
      <Filter>Header Files</Filter>
    </ClInclude>
  </ItemGroup>
  <ItemGroup>
    <None Include="packages.config" />
  </ItemGroup>
</Project>